// !$*UTF8*$!
{
	archiveVersion = 1;
	classes = {
	};
	objectVersion = 56;
	objects = {

/* Begin PBXBuildFile section */
		E6F8BA452C8A1E23002B5F0D /* test1App.swift in Sources */ = {isa = PBXBuildFile; fileRef = E6F8BA442C8A1E23002B5F0D /* test1App.swift */; };
		E6F8BA472C8A1E23002B5F0D /* ContentView.swift in Sources */ = {isa = PBXBuildFile; fileRef = E6F8BA462C8A1E23002B5F0D /* ContentView.swift */; };
		E6F8BA492C8A1E25002B5F0D /* Assets.xcassets in Resources */ = {isa = PBXBuildFile; fileRef = E6F8BA482C8A1E25002B5F0D /* Assets.xcassets */; };
		E6F8BA4C2C8A1E25002B5F0D /* Preview Assets.xcassets in Resources */ = {isa = PBXBuildFile; fileRef = E6F8BA4B2C8A1E25002B5F0D /* Preview Assets.xcassets */; };
		E6F8BA562C8A1E25002B5F0D /* test1Tests.swift in Sources */ = {isa = PBXBuildFile; fileRef = E6F8BA552C8A1E25002B5F0D /* test1Tests.swift */; };
		E6F8BA602C8A1E25002B5F0D /* test1UITests.swift in Sources */ = {isa = PBXBuildFile; fileRef = E6F8BA5F2C8A1E25002B5F0D /* test1UITests.swift */; };
		E6F8BA622C8A1E25002B5F0D /* test1UITestsLaunchTests.swift in Sources */ = {isa = PBXBuildFile; fileRef = E6F8BA612C8A1E25002B5F0D /* test1UITestsLaunchTests.swift */; };
/* End PBXBuildFile section */

/* Begin PBXContainerItemProxy section */
		E6F8BA522C8A1E25002B5F0D /* PBXContainerItemProxy */ = {
			isa = PBXContainerItemProxy;
			containerPortal = E6F8BA392C8A1E23002B5F0D /* Project object */;
			proxyType = 1;
			remoteGlobalIDString = E6F8BA402C8A1E23002B5F0D;
			remoteInfo = test1;
		};
		E6F8BA5C2C8A1E25002B5F0D /* PBXContainerItemProxy */ = {
			isa = PBXContainerItemProxy;
			containerPortal = E6F8BA392C8A1E23002B5F0D /* Project object */;
			proxyType = 1;
			remoteGlobalIDString = E6F8BA402C8A1E23002B5F0D;
			remoteInfo = test1;
		};
/* End PBXContainerItemProxy section */

/* Begin PBXFileReference section */
		E6F8BA412C8A1E23002B5F0D /* test1.app */ = {isa = PBXFileReference; explicitFileType = wrapper.application; includeInIndex = 0; path = test1.app; sourceTree = BUILT_PRODUCTS_DIR; };
		E6F8BA442C8A1E23002B5F0D /* test1App.swift */ = {isa = PBXFileReference; lastKnownFileType = sourcecode.swift; path = test1App.swift; sourceTree = "<group>"; };
		E6F8BA462C8A1E23002B5F0D /* ContentView.swift */ = {isa = PBXFileReference; lastKnownFileType = sourcecode.swift; path = ContentView.swift; sourceTree = "<group>"; };
		E6F8BA482C8A1E25002B5F0D /* Assets.xcassets */ = {isa = PBXFileReference; lastKnownFileType = folder.assetcatalog; path = Assets.xcassets; sourceTree = "<group>"; };
		E6F8BA4B2C8A1E25002B5F0D /* Preview Assets.xcassets */ = {isa = PBXFileReference; lastKnownFileType = folder.assetcatalog; path = "Preview Assets.xcassets"; sourceTree = "<group>"; };
		E6F8BA512C8A1E25002B5F0D /* test1Tests.xctest */ = {isa = PBXFileReference; explicitFileType = wrapper.cfbundle; includeInIndex = 0; path = test1Tests.xctest; sourceTree = BUILT_PRODUCTS_DIR; };
		E6F8BA552C8A1E25002B5F0D /* test1Tests.swift */ = {isa = PBXFileReference; lastKnownFileType = sourcecode.swift; path = test1Tests.swift; sourceTree = "<group>"; };
		E6F8BA5B2C8A1E25002B5F0D /* test1UITests.xctest */ = {isa = PBXFileReference; explicitFileType = wrapper.cfbundle; includeInIndex = 0; path = test1UITests.xctest; sourceTree = BUILT_PRODUCTS_DIR; };
		E6F8BA5F2C8A1E25002B5F0D /* test1UITests.swift */ = {isa = PBXFileReference; lastKnownFileType = sourcecode.swift; path = test1UITests.swift; sourceTree = "<group>"; };
		E6F8BA612C8A1E25002B5F0D /* test1UITestsLaunchTests.swift */ = {isa = PBXFileReference; lastKnownFileType = sourcecode.swift; path = test1UITestsLaunchTests.swift; sourceTree = "<group>"; };
/* End PBXFileReference section */

/* Begin PBXFrameworksBuildPhase section */
		E6F8BA3E2C8A1E23002B5F0D /* Frameworks */ = {
			isa = PBXFrameworksBuildPhase;
			buildActionMask = 2147483647;
			files = (
			);
			runOnlyForDeploymentPostprocessing = 0;
		};
		E6F8BA4E2C8A1E25002B5F0D /* Frameworks */ = {
			isa = PBXFrameworksBuildPhase;
			buildActionMask = 2147483647;
			files = (
			);
			runOnlyForDeploymentPostprocessing = 0;
		};
		E6F8BA582C8A1E25002B5F0D /* Frameworks */ = {
			isa = PBXFrameworksBuildPhase;
			buildActionMask = 2147483647;
			files = (
			);
			runOnlyForDeploymentPostprocessing = 0;
		};
/* End PBXFrameworksBuildPhase section */

/* Begin PBXGroup section */
		E6F8BA382C8A1E23002B5F0D = {
			isa = PBXGroup;
			children = (
				E6F8BA432C8A1E23002B5F0D /* test1 */,
				E6F8BA542C8A1E25002B5F0D /* test1Tests */,
				E6F8BA5E2C8A1E25002B5F0D /* test1UITests */,
				E6F8BA422C8A1E23002B5F0D /* Products */,
			);
			sourceTree = "<group>";
		};
		E6F8BA422C8A1E23002B5F0D /* Products */ = {
			isa = PBXGroup;
			children = (
				E6F8BA412C8A1E23002B5F0D /* test1.app */,
				E6F8BA512C8A1E25002B5F0D /* test1Tests.xctest */,
				E6F8BA5B2C8A1E25002B5F0D /* test1UITests.xctest */,
			);
			name = Products;
			sourceTree = "<group>";
		};
		E6F8BA432C8A1E23002B5F0D /* test1 */ = {
			isa = PBXGroup;
			children = (
				E6F8BA442C8A1E23002B5F0D /* test1App.swift */,
				E6F8BA462C8A1E23002B5F0D /* ContentView.swift */,
				E6F8BA482C8A1E25002B5F0D /* Assets.xcassets */,
				E6F8BA4A2C8A1E25002B5F0D /* Preview Content */,
			);
			path = test1;
			sourceTree = "<group>";
		};
		E6F8BA4A2C8A1E25002B5F0D /* Preview Content */ = {
			isa = PBXGroup;
			children = (
				E6F8BA4B2C8A1E25002B5F0D /* Preview Assets.xcassets */,
			);
			path = "Preview Content";
			sourceTree = "<group>";
		};
		E6F8BA542C8A1E25002B5F0D /* test1Tests */ = {
			isa = PBXGroup;
			children = (
				E6F8BA552C8A1E25002B5F0D /* test1Tests.swift */,
			);
			path = test1Tests;
			sourceTree = "<group>";
		};
		E6F8BA5E2C8A1E25002B5F0D /* test1UITests */ = {
			isa = PBXGroup;
			children = (
				E6F8BA5F2C8A1E25002B5F0D /* test1UITests.swift */,
				E6F8BA612C8A1E25002B5F0D /* test1UITestsLaunchTests.swift */,
			);
			path = test1UITests;
			sourceTree = "<group>";
		};
/* End PBXGroup section */

/* Begin PBXNativeTarget section */
		E6F8BA402C8A1E23002B5F0D /* test1 */ = {
			isa = PBXNativeTarget;
			buildConfigurationList = E6F8BA652C8A1E25002B5F0D /* Build configuration list for PBXNativeTarget "test1" */;
			buildPhases = (
				E6F8BA3D2C8A1E23002B5F0D /* Sources */,
				E6F8BA3E2C8A1E23002B5F0D /* Frameworks */,
				E6F8BA3F2C8A1E23002B5F0D /* Resources */,
			);
			buildRules = (
			);
			dependencies = (
			);
			name = test1;
			productName = test1;
			productReference = E6F8BA412C8A1E23002B5F0D /* test1.app */;
			productType = "com.apple.product-type.application";
		};
		E6F8BA502C8A1E25002B5F0D /* test1Tests */ = {
			isa = PBXNativeTarget;
			buildConfigurationList = E6F8BA682C8A1E25002B5F0D /* Build configuration list for PBXNativeTarget "test1Tests" */;
			buildPhases = (
				E6F8BA4D2C8A1E25002B5F0D /* Sources */,
				E6F8BA4E2C8A1E25002B5F0D /* Frameworks */,
				E6F8BA4F2C8A1E25002B5F0D /* Resources */,
			);
			buildRules = (
			);
			dependencies = (
				E6F8BA532C8A1E25002B5F0D /* PBXTargetDependency */,
			);
			name = test1Tests;
			productName = test1Tests;
			productReference = E6F8BA512C8A1E25002B5F0D /* test1Tests.xctest */;
			productType = "com.apple.product-type.bundle.unit-test";
		};
		E6F8BA5A2C8A1E25002B5F0D /* test1UITests */ = {
			isa = PBXNativeTarget;
			buildConfigurationList = E6F8BA6B2C8A1E25002B5F0D /* Build configuration list for PBXNativeTarget "test1UITests" */;
			buildPhases = (
				E6F8BA572C8A1E25002B5F0D /* Sources */,
				E6F8BA582C8A1E25002B5F0D /* Frameworks */,
				E6F8BA592C8A1E25002B5F0D /* Resources */,
			);
			buildRules = (
			);
			dependencies = (
				E6F8BA5D2C8A1E25002B5F0D /* PBXTargetDependency */,
			);
			name = test1UITests;
			productName = test1UITests;
			productReference = E6F8BA5B2C8A1E25002B5F0D /* test1UITests.xctest */;
			productType = "com.apple.product-type.bundle.ui-testing";
		};
/* End PBXNativeTarget section */

/* Begin PBXProject section */
		E6F8BA392C8A1E23002B5F0D /* Project object */ = {
			isa = PBXProject;
			attributes = {
				BuildIndependentTargetsInParallel = 1;
				LastSwiftUpdateCheck = 1420;
				LastUpgradeCheck = 1420;
				TargetAttributes = {
					E6F8BA402C8A1E23002B5F0D = {
						CreatedOnToolsVersion = 14.2;
					};
					E6F8BA502C8A1E25002B5F0D = {
						CreatedOnToolsVersion = 14.2;
						TestTargetID = E6F8BA402C8A1E23002B5F0D;
					};
					E6F8BA5A2C8A1E25002B5F0D = {
						CreatedOnToolsVersion = 14.2;
						TestTargetID = E6F8BA402C8A1E23002B5F0D;
					};
				};
			};
			buildConfigurationList = E6F8BA3C2C8A1E23002B5F0D /* Build configuration list for PBXProject "test1" */;
			compatibilityVersion = "Xcode 14.0";
			developmentRegion = en;
			hasScannedForEncodings = 0;
			knownRegions = (
				en,
				Base,
			);
			mainGroup = E6F8BA382C8A1E23002B5F0D;
			productRefGroup = E6F8BA422C8A1E23002B5F0D /* Products */;
			projectDirPath = "";
			projectRoot = "";
			targets = (
				E6F8BA402C8A1E23002B5F0D /* test1 */,
				E6F8BA502C8A1E25002B5F0D /* test1Tests */,
				E6F8BA5A2C8A1E25002B5F0D /* test1UITests */,
			);
		};
/* End PBXProject section */

/* Begin PBXResourcesBuildPhase section */
		E6F8BA3F2C8A1E23002B5F0D /* Resources */ = {
			isa = PBXResourcesBuildPhase;
			buildActionMask = 2147483647;
			files = (
				E6F8BA4C2C8A1E25002B5F0D /* Preview Assets.xcassets in Resources */,
				E6F8BA492C8A1E25002B5F0D /* Assets.xcassets in Resources */,
			);
			runOnlyForDeploymentPostprocessing = 0;
		};
		E6F8BA4F2C8A1E25002B5F0D /* Resources */ = {
			isa = PBXResourcesBuildPhase;
			buildActionMask = 2147483647;
			files = (
			);
			runOnlyForDeploymentPostprocessing = 0;
		};
		E6F8BA592C8A1E25002B5F0D /* Resources */ = {
			isa = PBXResourcesBuildPhase;
			buildActionMask = 2147483647;
			files = (
			);
			runOnlyForDeploymentPostprocessing = 0;
		};
/* End PBXResourcesBuildPhase section */

/* Begin PBXSourcesBuildPhase section */
		E6F8BA3D2C8A1E23002B5F0D /* Sources */ = {
			isa = PBXSourcesBuildPhase;
			buildActionMask = 2147483647;
			files = (
				E6F8BA472C8A1E23002B5F0D /* ContentView.swift in Sources */,
				E6F8BA452C8A1E23002B5F0D /* test1App.swift in Sources */,
			);
			runOnlyForDeploymentPostprocessing = 0;
		};
		E6F8BA4D2C8A1E25002B5F0D /* Sources */ = {
			isa = PBXSourcesBuildPhase;
			buildActionMask = 2147483647;
			files = (
				E6F8BA562C8A1E25002B5F0D /* test1Tests.swift in Sources */,
			);
			runOnlyForDeploymentPostprocessing = 0;
		};
		E6F8BA572C8A1E25002B5F0D /* Sources */ = {
			isa = PBXSourcesBuildPhase;
			buildActionMask = 2147483647;
			files = (
				E6F8BA622C8A1E25002B5F0D /* test1UITestsLaunchTests.swift in Sources */,
				E6F8BA602C8A1E25002B5F0D /* test1UITests.swift in Sources */,
			);
			runOnlyForDeploymentPostprocessing = 0;
		};
/* End PBXSourcesBuildPhase section */

/* Begin PBXTargetDependency section */
		E6F8BA532C8A1E25002B5F0D /* PBXTargetDependency */ = {
			isa = PBXTargetDependency;
			target = E6F8BA402C8A1E23002B5F0D /* test1 */;
			targetProxy = E6F8BA522C8A1E25002B5F0D /* PBXContainerItemProxy */;
		};
		E6F8BA5D2C8A1E25002B5F0D /* PBXTargetDependency */ = {
			isa = PBXTargetDependency;
			target = E6F8BA402C8A1E23002B5F0D /* test1 */;
			targetProxy = E6F8BA5C2C8A1E25002B5F0D /* PBXContainerItemProxy */;
		};
/* End PBXTargetDependency section */

/* Begin XCBuildConfiguration section */
		E6F8BA632C8A1E25002B5F0D /* Debug */ = {
			isa = XCBuildConfiguration;
			buildSettings = {
				ALWAYS_SEARCH_USER_PATHS = NO;
				CLANG_ANALYZER_NONNULL = YES;
				CLANG_ANALYZER_NUMBER_OBJECT_CONVERSION = YES_AGGRESSIVE;
				CLANG_CXX_LANGUAGE_STANDARD = "gnu++20";
				CLANG_ENABLE_MODULES = YES;
				CLANG_ENABLE_OBJC_ARC = YES;
				CLANG_ENABLE_OBJC_WEAK = YES;
				CLANG_WARN_BLOCK_CAPTURE_AUTORELEASING = YES;
				CLANG_WARN_BOOL_CONVERSION = YES;
				CLANG_WARN_COMMA = YES;
				CLANG_WARN_CONSTANT_CONVERSION = YES;
				CLANG_WARN_DEPRECATED_OBJC_IMPLEMENTATIONS = YES;
				CLANG_WARN_DIRECT_OBJC_ISA_USAGE = YES_ERROR;
				CLANG_WARN_DOCUMENTATION_COMMENTS = YES;
				CLANG_WARN_EMPTY_BODY = YES;
				CLANG_WARN_ENUM_CONVERSION = YES;
				CLANG_WARN_INFINITE_RECURSION = YES;
				CLANG_WARN_INT_CONVERSION = YES;
				CLANG_WARN_NON_LITERAL_NULL_CONVERSION = YES;
				CLANG_WARN_OBJC_IMPLICIT_RETAIN_SELF = YES;
				CLANG_WARN_OBJC_LITERAL_CONVERSION = YES;
				CLANG_WARN_OBJC_ROOT_CLASS = YES_ERROR;
				CLANG_WARN_QUOTED_INCLUDE_IN_FRAMEWORK_HEADER = YES;
				CLANG_WARN_RANGE_LOOP_ANALYSIS = YES;
				CLANG_WARN_STRICT_PROTOTYPES = YES;
				CLANG_WARN_SUSPICIOUS_MOVE = YES;
				CLANG_WARN_UNGUARDED_AVAILABILITY = YES_AGGRESSIVE;
				CLANG_WARN_UNREACHABLE_CODE = YES;
				CLANG_WARN__DUPLICATE_METHOD_MATCH = YES;
				COPY_PHASE_STRIP = NO;
				DEBUG_INFORMATION_FORMAT = dwarf;
				ENABLE_STRICT_OBJC_MSGSEND = YES;
				ENABLE_TESTABILITY = YES;
				GCC_C_LANGUAGE_STANDARD = gnu11;
				GCC_DYNAMIC_NO_PIC = NO;
				GCC_NO_COMMON_BLOCKS = YES;
				GCC_OPTIMIZATION_LEVEL = 0;
				GCC_PREPROCESSOR_DEFINITIONS = (
					"DEBUG=1",
					"$(inherited)",
				);
				GCC_WARN_64_TO_32_BIT_CONVERSION = YES;
				GCC_WARN_ABOUT_RETURN_TYPE = YES_ERROR;
				GCC_WARN_UNDECLARED_SELECTOR = YES;
				GCC_WARN_UNINITIALIZED_AUTOS = YES_AGGRESSIVE;
				GCC_WARN_UNUSED_FUNCTION = YES;
				GCC_WARN_UNUSED_VARIABLE = YES;
				IPHONEOS_DEPLOYMENT_TARGET = 16.2;
				MTL_ENABLE_DEBUG_INFO = INCLUDE_SOURCE;
				MTL_FAST_MATH = YES;
				ONLY_ACTIVE_ARCH = YES;
				SDKROOT = iphoneos;
				SWIFT_ACTIVE_COMPILATION_CONDITIONS = DEBUG;
				SWIFT_OPTIMIZATION_LEVEL = "-Onone";
			};
			name = Debug;
		};
		E6F8BA642C8A1E25002B5F0D /* Release */ = {
			isa = XCBuildConfiguration;
			buildSettings = {
				ALWAYS_SEARCH_USER_PATHS = NO;
				CLANG_ANALYZER_NONNULL = YES;
				CLANG_ANALYZER_NUMBER_OBJECT_CONVERSION = YES_AGGRESSIVE;
				CLANG_CXX_LANGUAGE_STANDARD = "gnu++20";
				CLANG_ENABLE_MODULES = YES;
				CLANG_ENABLE_OBJC_ARC = YES;
				CLANG_ENABLE_OBJC_WEAK = YES;
				CLANG_WARN_BLOCK_CAPTURE_AUTORELEASING = YES;
				CLANG_WARN_BOOL_CONVERSION = YES;
				CLANG_WARN_COMMA = YES;
				CLANG_WARN_CONSTANT_CONVERSION = YES;
				CLANG_WARN_DEPRECATED_OBJC_IMPLEMENTATIONS = YES;
				CLANG_WARN_DIRECT_OBJC_ISA_USAGE = YES_ERROR;
				CLANG_WARN_DOCUMENTATION_COMMENTS = YES;
				CLANG_WARN_EMPTY_BODY = YES;
				CLANG_WARN_ENUM_CONVERSION = YES;
				CLANG_WARN_INFINITE_RECURSION = YES;
				CLANG_WARN_INT_CONVERSION = YES;
				CLANG_WARN_NON_LITERAL_NULL_CONVERSION = YES;
				CLANG_WARN_OBJC_IMPLICIT_RETAIN_SELF = YES;
				CLANG_WARN_OBJC_LITERAL_CONVERSION = YES;
				CLANG_WARN_OBJC_ROOT_CLASS = YES_ERROR;
				CLANG_WARN_QUOTED_INCLUDE_IN_FRAMEWORK_HEADER = YES;
				CLANG_WARN_RANGE_LOOP_ANALYSIS = YES;
				CLANG_WARN_STRICT_PROTOTYPES = YES;
				CLANG_WARN_SUSPICIOUS_MOVE = YES;
				CLANG_WARN_UNGUARDED_AVAILABILITY = YES_AGGRESSIVE;
				CLANG_WARN_UNREACHABLE_CODE = YES;
				CLANG_WARN__DUPLICATE_METHOD_MATCH = YES;
				COPY_PHASE_STRIP = NO;
				DEBUG_INFORMATION_FORMAT = "dwarf-with-dsym";
				ENABLE_NS_ASSERTIONS = NO;
				ENABLE_STRICT_OBJC_MSGSEND = YES;
				GCC_C_LANGUAGE_STANDARD = gnu11;
				GCC_NO_COMMON_BLOCKS = YES;
				GCC_WARN_64_TO_32_BIT_CONVERSION = YES;
				GCC_WARN_ABOUT_RETURN_TYPE = YES_ERROR;
				GCC_WARN_UNDECLARED_SELECTOR = YES;
				GCC_WARN_UNINITIALIZED_AUTOS = YES_AGGRESSIVE;
				GCC_WARN_UNUSED_FUNCTION = YES;
				GCC_WARN_UNUSED_VARIABLE = YES;
				IPHONEOS_DEPLOYMENT_TARGET = 16.2;
				MTL_ENABLE_DEBUG_INFO = NO;
				MTL_FAST_MATH = YES;
				SDKROOT = iphoneos;
				SWIFT_COMPILATION_MODE = wholemodule;
				SWIFT_OPTIMIZATION_LEVEL = "-O";
				VALIDATE_PRODUCT = YES;
			};
			name = Release;
		};
		E6F8BA662C8A1E25002B5F0D /* Debug */ = {
			isa = XCBuildConfiguration;
			buildSettings = {
				ASSETCATALOG_COMPILER_APPICON_NAME = AppIcon;
				ASSETCATALOG_COMPILER_GLOBAL_ACCENT_COLOR_NAME = AccentColor;
				CODE_SIGN_STYLE = Automatic;
				CURRENT_PROJECT_VERSION = 1;
				DEVELOPMENT_ASSET_PATHS = "\"test1/Preview Content\"";
				ENABLE_PREVIEWS = YES;
				GENERATE_INFOPLIST_FILE = YES;
				INFOPLIST_KEY_UIApplicationSceneManifest_Generation = YES;
				INFOPLIST_KEY_UIApplicationSupportsIndirectInputEvents = YES;
				INFOPLIST_KEY_UILaunchScreen_Generation = YES;
				INFOPLIST_KEY_UISupportedInterfaceOrientations_iPad = "UIInterfaceOrientationPortrait UIInterfaceOrientationPortraitUpsideDown UIInterfaceOrientationLandscapeLeft UIInterfaceOrientationLandscapeRight";
				INFOPLIST_KEY_UISupportedInterfaceOrientations_iPhone = "UIInterfaceOrientationPortrait UIInterfaceOrientationLandscapeLeft UIInterfaceOrientationLandscapeRight";
				LD_RUNPATH_SEARCH_PATHS = (
					"$(inherited)",
					"@executable_path/Frameworks",
				);
				MARKETING_VERSION = 1.0;
				PRODUCT_BUNDLE_IDENTIFIER = identifier.test1;
				PRODUCT_NAME = "$(TARGET_NAME)";
				SWIFT_EMIT_LOC_STRINGS = YES;
				SWIFT_VERSION = 5.0;
				TARGETED_DEVICE_FAMILY = "1,2";
			};
			name = Debug;
		};
		E6F8BA672C8A1E25002B5F0D /* Release */ = {
			isa = XCBuildConfiguration;
			buildSettings = {
				ASSETCATALOG_COMPILER_APPICON_NAME = AppIcon;
				ASSETCATALOG_COMPILER_GLOBAL_ACCENT_COLOR_NAME = AccentColor;
				CODE_SIGN_STYLE = Automatic;
				CURRENT_PROJECT_VERSION = 1;
				DEVELOPMENT_ASSET_PATHS = "\"test1/Preview Content\"";
				ENABLE_PREVIEWS = YES;
				GENERATE_INFOPLIST_FILE = YES;
				INFOPLIST_KEY_UIApplicationSceneManifest_Generation = YES;
				INFOPLIST_KEY_UIApplicationSupportsIndirectInputEvents = YES;
				INFOPLIST_KEY_UILaunchScreen_Generation = YES;
				INFOPLIST_KEY_UISupportedInterfaceOrientations_iPad = "UIInterfaceOrientationPortrait UIInterfaceOrientationPortraitUpsideDown UIInterfaceOrientationLandscapeLeft UIInterfaceOrientationLandscapeRight";
				INFOPLIST_KEY_UISupportedInterfaceOrientations_iPhone = "UIInterfaceOrientationPortrait UIInterfaceOrientationLandscapeLeft UIInterfaceOrientationLandscapeRight";
				LD_RUNPATH_SEARCH_PATHS = (
					"$(inherited)",
					"@executable_path/Frameworks",
				);
				MARKETING_VERSION = 1.0;
				PRODUCT_BUNDLE_IDENTIFIER = identifier.test1;
				PRODUCT_NAME = "$(TARGET_NAME)";
				SWIFT_EMIT_LOC_STRINGS = YES;
				SWIFT_VERSION = 5.0;
				TARGETED_DEVICE_FAMILY = "1,2";
			};
			name = Release;
		};
		E6F8BA692C8A1E25002B5F0D /* Debug */ = {
			isa = XCBuildConfiguration;
			buildSettings = {
				ALWAYS_EMBED_SWIFT_STANDARD_LIBRARIES = YES;
				BUNDLE_LOADER = "$(TEST_HOST)";
				CODE_SIGN_STYLE = Automatic;
				CURRENT_PROJECT_VERSION = 1;
				GENERATE_INFOPLIST_FILE = YES;
				IPHONEOS_DEPLOYMENT_TARGET = 16.2;
				MARKETING_VERSION = 1.0;
				PRODUCT_BUNDLE_IDENTIFIER = identifier.test1Tests;
				PRODUCT_NAME = "$(TARGET_NAME)";
				SWIFT_EMIT_LOC_STRINGS = NO;
				SWIFT_VERSION = 5.0;
				TARGETED_DEVICE_FAMILY = "1,2";
				TEST_HOST = "$(BUILT_PRODUCTS_DIR)/test1.app/$(BUNDLE_EXECUTABLE_FOLDER_PATH)/test1";
			};
			name = Debug;
		};
		E6F8BA6A2C8A1E25002B5F0D /* Release */ = {
			isa = XCBuildConfiguration;
			buildSettings = {
				ALWAYS_EMBED_SWIFT_STANDARD_LIBRARIES = YES;
				BUNDLE_LOADER = "$(TEST_HOST)";
				CODE_SIGN_STYLE = Automatic;
				CURRENT_PROJECT_VERSION = 1;
				GENERATE_INFOPLIST_FILE = YES;
				IPHONEOS_DEPLOYMENT_TARGET = 16.2;
				MARKETING_VERSION = 1.0;
				PRODUCT_BUNDLE_IDENTIFIER = identifier.test1Tests;
				PRODUCT_NAME = "$(TARGET_NAME)";
				SWIFT_EMIT_LOC_STRINGS = NO;
				SWIFT_VERSION = 5.0;
				TARGETED_DEVICE_FAMILY = "1,2";
				TEST_HOST = "$(BUILT_PRODUCTS_DIR)/test1.app/$(BUNDLE_EXECUTABLE_FOLDER_PATH)/test1";
			};
			name = Release;
		};
		E6F8BA6C2C8A1E25002B5F0D /* Debug */ = {
			isa = XCBuildConfiguration;
			buildSettings = {
				ALWAYS_EMBED_SWIFT_STANDARD_LIBRARIES = YES;
				CODE_SIGN_STYLE = Automatic;
				CURRENT_PROJECT_VERSION = 1;
				GENERATE_INFOPLIST_FILE = YES;
				MARKETING_VERSION = 1.0;
				PRODUCT_BUNDLE_IDENTIFIER = identifier.test1UITests;
				PRODUCT_NAME = "$(TARGET_NAME)";
				SWIFT_EMIT_LOC_STRINGS = NO;
				SWIFT_VERSION = 5.0;
				TARGETED_DEVICE_FAMILY = "1,2";
				TEST_TARGET_NAME = test1;
			};
			name = Debug;
		};
		E6F8BA6D2C8A1E25002B5F0D /* Release */ = {
			isa = XCBuildConfiguration;
			buildSettings = {
				ALWAYS_EMBED_SWIFT_STANDARD_LIBRARIES = YES;
				CODE_SIGN_STYLE = Automatic;
				CURRENT_PROJECT_VERSION = 1;
				GENERATE_INFOPLIST_FILE = YES;
				MARKETING_VERSION = 1.0;
				PRODUCT_BUNDLE_IDENTIFIER = identifier.test1UITests;
				PRODUCT_NAME = "$(TARGET_NAME)";
				SWIFT_EMIT_LOC_STRINGS = NO;
				SWIFT_VERSION = 5.0;
				TARGETED_DEVICE_FAMILY = "1,2";
				TEST_TARGET_NAME = test1;
			};
			name = Release;
		};
/* End XCBuildConfiguration section */

/* Begin XCConfigurationList section */
		E6F8BA3C2C8A1E23002B5F0D /* Build configuration list for PBXProject "test1" */ = {
			isa = XCConfigurationList;
			buildConfigurations = (
				E6F8BA632C8A1E25002B5F0D /* Debug */,
				E6F8BA642C8A1E25002B5F0D /* Release */,
			);
			defaultConfigurationIsVisible = 0;
			defaultConfigurationName = Release;
		};
		E6F8BA652C8A1E25002B5F0D /* Build configuration list for PBXNativeTarget "test1" */ = {
			isa = XCConfigurationList;
			buildConfigurations = (
				E6F8BA662C8A1E25002B5F0D /* Debug */,
				E6F8BA672C8A1E25002B5F0D /* Release */,
			);
			defaultConfigurationIsVisible = 0;
			defaultConfigurationName = Release;
		};
		E6F8BA682C8A1E25002B5F0D /* Build configuration list for PBXNativeTarget "test1Tests" */ = {
			isa = XCConfigurationList;
			buildConfigurations = (
				E6F8BA692C8A1E25002B5F0D /* Debug */,
				E6F8BA6A2C8A1E25002B5F0D /* Release */,
			);
			defaultConfigurationIsVisible = 0;
			defaultConfigurationName = Release;
		};
		E6F8BA6B2C8A1E25002B5F0D /* Build configuration list for PBXNativeTarget "test1UITests" */ = {
			isa = XCConfigurationList;
			buildConfigurations = (
				E6F8BA6C2C8A1E25002B5F0D /* Debug */,
				E6F8BA6D2C8A1E25002B5F0D /* Release */,
			);
			defaultConfigurationIsVisible = 0;
			defaultConfigurationName = Release;
		};
/* End XCConfigurationList section */
	};
	rootObject = E6F8BA392C8A1E23002B5F0D /* Project object */;
}
